
Microsoft Visual Studio Solution File, Format Version 12.00
# Visual Studio Version 17
VisualStudioVersion = 17.3.32901.215
MinimumVisualStudioVersion = 10.0.40219.1
Project("{9A19103F-16F7-4668-BE54-9A1E7A4F7556}") = "Models", "Models\Models.csproj", "{65042304-2F6E-4EAD-B8EB-6CE4CEE3BB62}"
EndProject
Project("{9A19103F-16F7-4668-BE54-9A1E7A4F7556}") = "Services", "Services\Services.csproj", "{F357DF69-8EB5-479E-B3A6-0541E589EB7D}"
EndProject
Project("{FAE04EC0-301F-11D3-BF4B-00C04F79EFBC}") = "RestaurantApp", "RestaurantApp\RestaurantApp.csproj", "{1A3D5FF4-161B-4D0C-9621-D0D05E7063F1}"
EndProject
Global
	GlobalSection(SolutionConfigurationPlatforms) = preSolution
		Debug|Any CPU = Debug|Any CPU
		Release|Any CPU = Release|Any CPU
	EndGlobalSection
	GlobalSection(ProjectConfigurationPlatforms) = postSolution
		{65042304-2F6E-4EAD-B8EB-6CE4CEE3BB62}.Debug|Any CPU.ActiveCfg = Debug|Any CPU
		{65042304-2F6E-4EAD-B8EB-6CE4CEE3BB62}.Debug|Any CPU.Build.0 = Debug|Any CPU
		{65042304-2F6E-4EAD-B8EB-6CE4CEE3BB62}.Release|Any CPU.ActiveCfg = Release|Any CPU
		{65042304-2F6E-4EAD-B8EB-6CE4CEE3BB62}.Release|Any CPU.Build.0 = Release|Any CPU
		{F357DF69-8EB5-479E-B3A6-0541E589EB7D}.Debug|Any CPU.ActiveCfg = Debug|Any CPU
		{F357DF69-8EB5-479E-B3A6-0541E589EB7D}.Debug|Any CPU.Build.0 = Debug|Any CPU
		{F357DF69-8EB5-479E-B3A6-0541E589EB7D}.Release|Any CPU.ActiveCfg = Release|Any CPU
		{F357DF69-8EB5-479E-B3A6-0541E589EB7D}.Release|Any CPU.Build.0 = Release|Any CPU
		{1A3D5FF4-161B-4D0C-9621-D0D05E7063F1}.Debug|Any CPU.ActiveCfg = Debug|Any CPU
		{1A3D5FF4-161B-4D0C-9621-D0D05E7063F1}.Debug|Any CPU.Build.0 = Debug|Any CPU
		{1A3D5FF4-161B-4D0C-9621-D0D05E7063F1}.Release|Any CPU.ActiveCfg = Release|Any CPU
		{1A3D5FF4-161B-4D0C-9621-D0D05E7063F1}.Release|Any CPU.Build.0 = Release|Any CPU
	EndGlobalSection
	GlobalSection(SolutionProperties) = preSolution
		HideSolutionNode = FALSE
	EndGlobalSection
	GlobalSection(ExtensibilityGlobals) = postSolution
		SolutionGuid = {9A40BFE1-E882-49F8-B1D5-6EC6818F45A9}
	EndGlobalSection
EndGlobal
