
Microsoft Visual Studio Solution File, Format Version 12.00
# Visual Studio Version 17
VisualStudioVersion = 17.3.32901.215
MinimumVisualStudioVersion = 10.0.40219.1
Project("{FAE04EC0-301F-11D3-BF4B-00C04F79EFBC}") = "Messaging", "Messaging\Messaging.csproj", "{6902DDE6-CCEB-408E-8389-3480CB3A5A28}"
EndProject
Project("{FAE04EC0-301F-11D3-BF4B-00C04F79EFBC}") = "Restaurant.Booking", "Restaurant.Booking\Restaurant.Booking.csproj", "{5345B190-1651-4E80-B2B4-16C5519D2235}"
EndProject
Project("{FAE04EC0-301F-11D3-BF4B-00C04F79EFBC}") = "Restaurant.Notification", "Restaurant.Notification\Restaurant.Notification.csproj", "{77EE91AC-21FE-41BB-9151-7E77F2F6B4C9}"
EndProject
Global
	GlobalSection(SolutionConfigurationPlatforms) = preSolution
		Debug|Any CPU = Debug|Any CPU
		Release|Any CPU = Release|Any CPU
	EndGlobalSection
	GlobalSection(ProjectConfigurationPlatforms) = postSolution
		{6902DDE6-CCEB-408E-8389-3480CB3A5A28}.Debug|Any CPU.ActiveCfg = Debug|Any CPU
		{6902DDE6-CCEB-408E-8389-3480CB3A5A28}.Debug|Any CPU.Build.0 = Debug|Any CPU
		{6902DDE6-CCEB-408E-8389-3480CB3A5A28}.Release|Any CPU.ActiveCfg = Release|Any CPU
		{6902DDE6-CCEB-408E-8389-3480CB3A5A28}.Release|Any CPU.Build.0 = Release|Any CPU
		{5345B190-1651-4E80-B2B4-16C5519D2235}.Debug|Any CPU.ActiveCfg = Debug|Any CPU
		{5345B190-1651-4E80-B2B4-16C5519D2235}.Debug|Any CPU.Build.0 = Debug|Any CPU
		{5345B190-1651-4E80-B2B4-16C5519D2235}.Release|Any CPU.ActiveCfg = Release|Any CPU
		{5345B190-1651-4E80-B2B4-16C5519D2235}.Release|Any CPU.Build.0 = Release|Any CPU
		{77EE91AC-21FE-41BB-9151-7E77F2F6B4C9}.Debug|Any CPU.ActiveCfg = Debug|Any CPU
		{77EE91AC-21FE-41BB-9151-7E77F2F6B4C9}.Debug|Any CPU.Build.0 = Debug|Any CPU
		{77EE91AC-21FE-41BB-9151-7E77F2F6B4C9}.Release|Any CPU.ActiveCfg = Release|Any CPU
		{77EE91AC-21FE-41BB-9151-7E77F2F6B4C9}.Release|Any CPU.Build.0 = Release|Any CPU
	EndGlobalSection
	GlobalSection(SolutionProperties) = preSolution
		HideSolutionNode = FALSE
	EndGlobalSection
	GlobalSection(ExtensibilityGlobals) = postSolution
		SolutionGuid = {9A40BFE1-E882-49F8-B1D5-6EC6818F45A9}
	EndGlobalSection
EndGlobal
